
Microsoft Visual Studio Solution File, Format Version 12.00
Project("{FAE04EC0-301F-11D3-BF4B-00C04F79EFBC}") = "FlyCheap", "FlyCheap\FlyCheap.csproj", "{5E07E118-AAC3-4BB2-A51E-FFE45959B15E}"
EndProject
Global
	GlobalSection(SolutionConfigurationPlatforms) = preSolution
		Debug|Any CPU = Debug|Any CPU
		Release|Any CPU = Release|Any CPU
	EndGlobalSection
	GlobalSection(ProjectConfigurationPlatforms) = postSolution
		{5E07E118-AAC3-4BB2-A51E-FFE45959B15E}.Debug|Any CPU.ActiveCfg = Debug|Any CPU
		{5E07E118-AAC3-4BB2-A51E-FFE45959B15E}.Debug|Any CPU.Build.0 = Debug|Any CPU
		{5E07E118-AAC3-4BB2-A51E-FFE45959B15E}.Release|Any CPU.ActiveCfg = Release|Any CPU
		{5E07E118-AAC3-4BB2-A51E-FFE45959B15E}.Release|Any CPU.Build.0 = Release|Any CPU
	EndGlobalSection
EndGlobal
